
Microsoft Visual Studio Solution File, Format Version 12.00
# Visual Studio Version 17
VisualStudioVersion = 17.8.34511.84
MinimumVisualStudioVersion = 10.0.40219.1
Project("{9A19103F-16F7-4668-BE54-9A1E7A4F7556}") = "GrupoBLEficiente", "GrupoBLEficiente\GrupoBLEficiente.csproj", "{3BF9551D-F7F6-4E1C-9656-A7DD700B10FC}"
EndProject
Project("{FAE04EC0-301F-11D3-BF4B-00C04F79EFBC}") = "GrupoBLEficienteAPI", "GrupoBLEficienteAPI\GrupoBLEficienteAPI.csproj", "{3AEDFA60-FB34-473D-A0FB-86E011AADD59}"
EndProject
Global
	GlobalSection(SolutionConfigurationPlatforms) = preSolution
		Debug|Any CPU = Debug|Any CPU
		Release|Any CPU = Release|Any CPU
	EndGlobalSection
	GlobalSection(ProjectConfigurationPlatforms) = postSolution
		{3BF9551D-F7F6-4E1C-9656-A7DD700B10FC}.Debug|Any CPU.ActiveCfg = Debug|Any CPU
		{3BF9551D-F7F6-4E1C-9656-A7DD700B10FC}.Debug|Any CPU.Build.0 = Debug|Any CPU
		{3BF9551D-F7F6-4E1C-9656-A7DD700B10FC}.Release|Any CPU.ActiveCfg = Release|Any CPU
		{3BF9551D-F7F6-4E1C-9656-A7DD700B10FC}.Release|Any CPU.Build.0 = Release|Any CPU
		{3AEDFA60-FB34-473D-A0FB-86E011AADD59}.Debug|Any CPU.ActiveCfg = Debug|Any CPU
		{3AEDFA60-FB34-473D-A0FB-86E011AADD59}.Debug|Any CPU.Build.0 = Debug|Any CPU
		{3AEDFA60-FB34-473D-A0FB-86E011AADD59}.Release|Any CPU.ActiveCfg = Release|Any CPU
		{3AEDFA60-FB34-473D-A0FB-86E011AADD59}.Release|Any CPU.Build.0 = Release|Any CPU
	EndGlobalSection
	GlobalSection(SolutionProperties) = preSolution
		HideSolutionNode = FALSE
	EndGlobalSection
	GlobalSection(ExtensibilityGlobals) = postSolution
		SolutionGuid = {BC2C4089-7E41-45E5-9504-65BEB74BF7D0}
	EndGlobalSection
EndGlobal
